Microsoft Visual Studio Solution File, Format Version 12.00
# Visual Studio Version 17
VisualStudioVersion = 17.5.2.0
MinimumVisualStudioVersion = 10.0.40219.1
Project("{2150E333-8FDC-42A3-9474-1A3956D46DE8}") = "JellyBelly", "JellyBelly", "{D4A25EF1-C30E-C629-0E1C-356EB066662E}"
EndProject
Project("{FAE04EC0-301F-11D3-BF4B-00C04F79EFBC}") = "Jellyfin.Plugin.LocalRecs", "JellyBelly\Jellyfin.Plugin.LocalRecs\Jellyfin.Plugin.LocalRecs.csproj", "{86C85473-A271-2AE8-F567-C82CD414EC39}"
EndProject
Project("{FAE04EC0-301F-11D3-BF4B-00C04F79EFBC}") = "Jellyfin.Plugin.LocalRecs.Tests", "JellyBelly\Jellyfin.Plugin.LocalRecs.Tests\Jellyfin.Plugin.LocalRecs.Tests.csproj", "{6587FF3F-F123-BFEB-043E-BC2F1C6CBECC}"
EndProject
Global
	GlobalSection(SolutionConfigurationPlatforms) = preSolution
		Debug|Any CPU = Debug|Any CPU
		Release|Any CPU = Release|Any CPU
	EndGlobalSection
	GlobalSection(ProjectConfigurationPlatforms) = postSolution
		{86C85473-A271-2AE8-F567-C82CD414EC39}.Debug|Any CPU.ActiveCfg = Debug|Any CPU
		{86C85473-A271-2AE8-F567-C82CD414EC39}.Debug|Any CPU.Build.0 = Debug|Any CPU
		{86C85473-A271-2AE8-F567-C82CD414EC39}.Release|Any CPU.ActiveCfg = Release|Any CPU
		{86C85473-A271-2AE8-F567-C82CD414EC39}.Release|Any CPU.Build.0 = Release|Any CPU
		{6587FF3F-F123-BFEB-043E-BC2F1C6CBECC}.Debug|Any CPU.ActiveCfg = Debug|Any CPU
		{6587FF3F-F123-BFEB-043E-BC2F1C6CBECC}.Debug|Any CPU.Build.0 = Debug|Any CPU
		{6587FF3F-F123-BFEB-043E-BC2F1C6CBECC}.Release|Any CPU.ActiveCfg = Release|Any CPU
		{6587FF3F-F123-BFEB-043E-BC2F1C6CBECC}.Release|Any CPU.Build.0 = Release|Any CPU
	EndGlobalSection
	GlobalSection(SolutionProperties) = preSolution
		HideSolutionNode = FALSE
	EndGlobalSection
	GlobalSection(NestedProjects) = preSolution
		{86C85473-A271-2AE8-F567-C82CD414EC39} = {D4A25EF1-C30E-C629-0E1C-356EB066662E}
		{6587FF3F-F123-BFEB-043E-BC2F1C6CBECC} = {D4A25EF1-C30E-C629-0E1C-356EB066662E}
	EndGlobalSection
	GlobalSection(ExtensibilityGlobals) = postSolution
		SolutionGuid = {A0E0819C-C13E-4805-8E14-156FA4783995}
	EndGlobalSection
EndGlobal
